{
  "name": "Simple Private Blockchain",
  "lockfileVersion": 2,
  "requires": true,
  "packages": {
    "": {
      "devDependencies": {
        "solint": "^0.0.1"
      }
    },
    "node_modules/solint": {
      "version": "0.0.1",
      "resolved": "https://registry.npmjs.org/solint/-/solint-0.0.1.tgz",
      "integrity": "sha1-M3P0/5c1zsVq9khnuIK0XXqlzbs=",
      "dev": true
    }
  },
  "dependencies": {
    "solint": {
      "version": "0.0.1",
      "resolved": "https://registry.npmjs.org/solint/-/solint-0.0.1.tgz",
      "integrity": "sha1-M3P0/5c1zsVq9khnuIK0XXqlzbs=",
      "dev": true
    }
  }
}
