{
  "name": "Simple Private Blockchain",
  "lockfileVersion": 2,
  "requires": true,
  "packages": {
    "": {
      "dependencies": {
        "@openzeppelin/contracts": "^4.4.0"
      },
      "devDependencies": {
        "solint": "^0.0.1"
      }
    },
    "node_modules/@openzeppelin/contracts": {
      "version": "4.4.0",
      "resolved": "https://registry.npmjs.org/@openzeppelin/contracts/-/contracts-4.4.0.tgz",
      "integrity": "sha512-dlKiZmDvJnGRLHojrDoFZJmsQVeltVeoiRN7RK+cf2FmkhASDEblE0RiaYdxPNsUZa6mRG8393b9bfyp+V5IAw=="
    },
    "node_modules/solint": {
      "version": "0.0.1",
      "resolved": "https://registry.npmjs.org/solint/-/solint-0.0.1.tgz",
      "integrity": "sha1-M3P0/5c1zsVq9khnuIK0XXqlzbs=",
      "dev": true
    }
  },
  "dependencies": {
    "@openzeppelin/contracts": {
      "version": "4.4.0",
      "resolved": "https://registry.npmjs.org/@openzeppelin/contracts/-/contracts-4.4.0.tgz",
      "integrity": "sha512-dlKiZmDvJnGRLHojrDoFZJmsQVeltVeoiRN7RK+cf2FmkhASDEblE0RiaYdxPNsUZa6mRG8393b9bfyp+V5IAw=="
    },
    "solint": {
      "version": "0.0.1",
      "resolved": "https://registry.npmjs.org/solint/-/solint-0.0.1.tgz",
      "integrity": "sha1-M3P0/5c1zsVq9khnuIK0XXqlzbs=",
      "dev": true
    }
  }
}
